
Microsoft Visual Studio Solution File, Format Version 12.00
# Visual Studio Version 16
VisualStudioVersion = 16.0.31112.23
MinimumVisualStudioVersion = 10.0.40219.1
Project("{FAE04EC0-301F-11D3-BF4B-00C04F79EFBC}") = "DailyCodingProblem652", "DailyCodingProblem652.csproj", "{BDFAB034-F88D-40DD-B0FD-729A7BB74045}"
EndProject
Global
	GlobalSection(SolutionConfigurationPlatforms) = preSolution
		Debug|Any CPU = Debug|Any CPU
		Release|Any CPU = Release|Any CPU
	EndGlobalSection
	GlobalSection(ProjectConfigurationPlatforms) = postSolution
		{BDFAB034-F88D-40DD-B0FD-729A7BB74045}.Debug|Any CPU.ActiveCfg = Debug|Any CPU
		{BDFAB034-F88D-40DD-B0FD-729A7BB74045}.Debug|Any CPU.Build.0 = Debug|Any CPU
		{BDFAB034-F88D-40DD-B0FD-729A7BB74045}.Release|Any CPU.ActiveCfg = Release|Any CPU
		{BDFAB034-F88D-40DD-B0FD-729A7BB74045}.Release|Any CPU.Build.0 = Release|Any CPU
	EndGlobalSection
	GlobalSection(SolutionProperties) = preSolution
		HideSolutionNode = FALSE
	EndGlobalSection
	GlobalSection(ExtensibilityGlobals) = postSolution
		SolutionGuid = {7DF735E9-F8A0-4CCF-91B4-C9A9F98D5E57}
	EndGlobalSection
EndGlobal
