
Microsoft Visual Studio Solution File, Format Version 12.00
# Visual Studio Version 16
VisualStudioVersion = 16.0.29009.5
MinimumVisualStudioVersion = 10.0.40219.1
Project("{FAE04EC0-301F-11D3-BF4B-00C04F79EFBC}") = "2019-06-24", "2019-06-24\2019-06-24.csproj", "{A419643E-6191-49CA-AE07-50F2E3F193C2}"
EndProject
Global
	GlobalSection(SolutionConfigurationPlatforms) = preSolution
		Debug|Any CPU = Debug|Any CPU
		Release|Any CPU = Release|Any CPU
	EndGlobalSection
	GlobalSection(ProjectConfigurationPlatforms) = postSolution
		{A419643E-6191-49CA-AE07-50F2E3F193C2}.Debug|Any CPU.ActiveCfg = Debug|Any CPU
		{A419643E-6191-49CA-AE07-50F2E3F193C2}.Debug|Any CPU.Build.0 = Debug|Any CPU
		{A419643E-6191-49CA-AE07-50F2E3F193C2}.Release|Any CPU.ActiveCfg = Release|Any CPU
		{A419643E-6191-49CA-AE07-50F2E3F193C2}.Release|Any CPU.Build.0 = Release|Any CPU
	EndGlobalSection
	GlobalSection(SolutionProperties) = preSolution
		HideSolutionNode = FALSE
	EndGlobalSection
	GlobalSection(ExtensibilityGlobals) = postSolution
		SolutionGuid = {92D3D4A3-D12A-4A99-8835-4BE4C9D0F01B}
	EndGlobalSection
EndGlobal
