
Microsoft Visual Studio Solution File, Format Version 12.00
# Visual Studio Version 16
VisualStudioVersion = 16.0.30204.135
MinimumVisualStudioVersion = 10.0.40219.1
Project("{FAE04EC0-301F-11D3-BF4B-00C04F79EFBC}") = "DailyCodingProblem523", "DailyCodingProblem523.csproj", "{A5B32AD7-59EC-4518-BE8F-0C976CC2C9F4}"
EndProject
Global
	GlobalSection(SolutionConfigurationPlatforms) = preSolution
		Debug|Any CPU = Debug|Any CPU
		Release|Any CPU = Release|Any CPU
	EndGlobalSection
	GlobalSection(ProjectConfigurationPlatforms) = postSolution
		{A5B32AD7-59EC-4518-BE8F-0C976CC2C9F4}.Debug|Any CPU.ActiveCfg = Debug|Any CPU
		{A5B32AD7-59EC-4518-BE8F-0C976CC2C9F4}.Debug|Any CPU.Build.0 = Debug|Any CPU
		{A5B32AD7-59EC-4518-BE8F-0C976CC2C9F4}.Release|Any CPU.ActiveCfg = Release|Any CPU
		{A5B32AD7-59EC-4518-BE8F-0C976CC2C9F4}.Release|Any CPU.Build.0 = Release|Any CPU
	EndGlobalSection
	GlobalSection(SolutionProperties) = preSolution
		HideSolutionNode = FALSE
	EndGlobalSection
	GlobalSection(ExtensibilityGlobals) = postSolution
		SolutionGuid = {A979DE66-0139-475C-8C44-920DC3EF195D}
	EndGlobalSection
EndGlobal
