
Microsoft Visual Studio Solution File, Format Version 12.00
# Visual Studio Version 16
VisualStudioVersion = 16.0.29230.47
MinimumVisualStudioVersion = 10.0.40219.1
Project("{FAE04EC0-301F-11D3-BF4B-00C04F79EFBC}") = "2019-09-07", "2019-09-07\2019-09-07.csproj", "{5B53AE43-0B14-4E7F-B26A-B2EFFEBAAE15}"
EndProject
Global
	GlobalSection(SolutionConfigurationPlatforms) = preSolution
		Debug|Any CPU = Debug|Any CPU
		Release|Any CPU = Release|Any CPU
	EndGlobalSection
	GlobalSection(ProjectConfigurationPlatforms) = postSolution
		{5B53AE43-0B14-4E7F-B26A-B2EFFEBAAE15}.Debug|Any CPU.ActiveCfg = Debug|Any CPU
		{5B53AE43-0B14-4E7F-B26A-B2EFFEBAAE15}.Debug|Any CPU.Build.0 = Debug|Any CPU
		{5B53AE43-0B14-4E7F-B26A-B2EFFEBAAE15}.Release|Any CPU.ActiveCfg = Release|Any CPU
		{5B53AE43-0B14-4E7F-B26A-B2EFFEBAAE15}.Release|Any CPU.Build.0 = Release|Any CPU
	EndGlobalSection
	GlobalSection(SolutionProperties) = preSolution
		HideSolutionNode = FALSE
	EndGlobalSection
	GlobalSection(ExtensibilityGlobals) = postSolution
		SolutionGuid = {7EB67D63-7422-4B89-AD8A-90CEA6D50E05}
	EndGlobalSection
EndGlobal
