
Microsoft Visual Studio Solution File, Format Version 12.00
# Visual Studio Version 16
VisualStudioVersion = 16.0.31025.194
MinimumVisualStudioVersion = 10.0.40219.1
Project("{FAE04EC0-301F-11D3-BF4B-00C04F79EFBC}") = "DailyCodingProblem624", "DailyCodingProblem624.csproj", "{C0E2CEA4-79EF-4D2C-A022-0AE9893A015D}"
EndProject
Global
	GlobalSection(SolutionConfigurationPlatforms) = preSolution
		Debug|Any CPU = Debug|Any CPU
		Release|Any CPU = Release|Any CPU
	EndGlobalSection
	GlobalSection(ProjectConfigurationPlatforms) = postSolution
		{C0E2CEA4-79EF-4D2C-A022-0AE9893A015D}.Debug|Any CPU.ActiveCfg = Debug|Any CPU
		{C0E2CEA4-79EF-4D2C-A022-0AE9893A015D}.Debug|Any CPU.Build.0 = Debug|Any CPU
		{C0E2CEA4-79EF-4D2C-A022-0AE9893A015D}.Release|Any CPU.ActiveCfg = Release|Any CPU
		{C0E2CEA4-79EF-4D2C-A022-0AE9893A015D}.Release|Any CPU.Build.0 = Release|Any CPU
	EndGlobalSection
	GlobalSection(SolutionProperties) = preSolution
		HideSolutionNode = FALSE
	EndGlobalSection
	GlobalSection(ExtensibilityGlobals) = postSolution
		SolutionGuid = {84759E39-5303-43DC-9287-9F1F1F447803}
	EndGlobalSection
EndGlobal
