
Microsoft Visual Studio Solution File, Format Version 12.00
# Visual Studio Version 16
VisualStudioVersion = 16.0.30204.135
MinimumVisualStudioVersion = 10.0.40219.1
Project("{FAE04EC0-301F-11D3-BF4B-00C04F79EFBC}") = "DailyCodingProblem439", "DailyCodingProblem439\DailyCodingProblem439.csproj", "{A32BDDAF-4667-48EB-BC9D-C0AB16DF1049}"
EndProject
Global
	GlobalSection(SolutionConfigurationPlatforms) = preSolution
		Debug|Any CPU = Debug|Any CPU
		Release|Any CPU = Release|Any CPU
	EndGlobalSection
	GlobalSection(ProjectConfigurationPlatforms) = postSolution
		{A32BDDAF-4667-48EB-BC9D-C0AB16DF1049}.Debug|Any CPU.ActiveCfg = Debug|Any CPU
		{A32BDDAF-4667-48EB-BC9D-C0AB16DF1049}.Debug|Any CPU.Build.0 = Debug|Any CPU
		{A32BDDAF-4667-48EB-BC9D-C0AB16DF1049}.Release|Any CPU.ActiveCfg = Release|Any CPU
		{A32BDDAF-4667-48EB-BC9D-C0AB16DF1049}.Release|Any CPU.Build.0 = Release|Any CPU
	EndGlobalSection
	GlobalSection(SolutionProperties) = preSolution
		HideSolutionNode = FALSE
	EndGlobalSection
	GlobalSection(ExtensibilityGlobals) = postSolution
		SolutionGuid = {EF2EA1BD-EE49-43E5-BA16-30EF560816F6}
	EndGlobalSection
EndGlobal
