
Microsoft Visual Studio Solution File, Format Version 12.00
# Visual Studio Version 16
VisualStudioVersion = 16.0.30204.135
MinimumVisualStudioVersion = 10.0.40219.1
Project("{FAE04EC0-301F-11D3-BF4B-00C04F79EFBC}") = "DailyCodingProblem522", "DailyCodingProblem522.csproj", "{D725A95E-35D5-41F4-87DA-B88E1D24CB69}"
EndProject
Global
	GlobalSection(SolutionConfigurationPlatforms) = preSolution
		Debug|Any CPU = Debug|Any CPU
		Release|Any CPU = Release|Any CPU
	EndGlobalSection
	GlobalSection(ProjectConfigurationPlatforms) = postSolution
		{D725A95E-35D5-41F4-87DA-B88E1D24CB69}.Debug|Any CPU.ActiveCfg = Debug|Any CPU
		{D725A95E-35D5-41F4-87DA-B88E1D24CB69}.Debug|Any CPU.Build.0 = Debug|Any CPU
		{D725A95E-35D5-41F4-87DA-B88E1D24CB69}.Release|Any CPU.ActiveCfg = Release|Any CPU
		{D725A95E-35D5-41F4-87DA-B88E1D24CB69}.Release|Any CPU.Build.0 = Release|Any CPU
	EndGlobalSection
	GlobalSection(SolutionProperties) = preSolution
		HideSolutionNode = FALSE
	EndGlobalSection
	GlobalSection(ExtensibilityGlobals) = postSolution
		SolutionGuid = {EADAD4DC-0952-4D9E-A430-82661C887F72}
	EndGlobalSection
EndGlobal
