
Microsoft Visual Studio Solution File, Format Version 12.00
# Visual Studio Version 16
VisualStudioVersion = 16.0.31112.23
MinimumVisualStudioVersion = 10.0.40219.1
Project("{FAE04EC0-301F-11D3-BF4B-00C04F79EFBC}") = "DailyCodingProblem645", "DailyCodingProblem645.csproj", "{0D4443D0-3D29-428D-8692-C7C816B5C09F}"
EndProject
Global
	GlobalSection(SolutionConfigurationPlatforms) = preSolution
		Debug|Any CPU = Debug|Any CPU
		Release|Any CPU = Release|Any CPU
	EndGlobalSection
	GlobalSection(ProjectConfigurationPlatforms) = postSolution
		{0D4443D0-3D29-428D-8692-C7C816B5C09F}.Debug|Any CPU.ActiveCfg = Debug|Any CPU
		{0D4443D0-3D29-428D-8692-C7C816B5C09F}.Debug|Any CPU.Build.0 = Debug|Any CPU
		{0D4443D0-3D29-428D-8692-C7C816B5C09F}.Release|Any CPU.ActiveCfg = Release|Any CPU
		{0D4443D0-3D29-428D-8692-C7C816B5C09F}.Release|Any CPU.Build.0 = Release|Any CPU
	EndGlobalSection
	GlobalSection(SolutionProperties) = preSolution
		HideSolutionNode = FALSE
	EndGlobalSection
	GlobalSection(ExtensibilityGlobals) = postSolution
		SolutionGuid = {99D00798-67ED-45BD-9164-D574CD6C1014}
	EndGlobalSection
EndGlobal
