
Microsoft Visual Studio Solution File, Format Version 12.00
# Visual Studio Version 16
VisualStudioVersion = 16.0.31112.23
MinimumVisualStudioVersion = 10.0.40219.1
Project("{FAE04EC0-301F-11D3-BF4B-00C04F79EFBC}") = "DailyCodingProblem650", "DailyCodingProblem650.csproj", "{8811E545-6FD7-4F4D-A3F4-A57EE5AC9474}"
EndProject
Global
	GlobalSection(SolutionConfigurationPlatforms) = preSolution
		Debug|Any CPU = Debug|Any CPU
		Release|Any CPU = Release|Any CPU
	EndGlobalSection
	GlobalSection(ProjectConfigurationPlatforms) = postSolution
		{8811E545-6FD7-4F4D-A3F4-A57EE5AC9474}.Debug|Any CPU.ActiveCfg = Debug|Any CPU
		{8811E545-6FD7-4F4D-A3F4-A57EE5AC9474}.Debug|Any CPU.Build.0 = Debug|Any CPU
		{8811E545-6FD7-4F4D-A3F4-A57EE5AC9474}.Release|Any CPU.ActiveCfg = Release|Any CPU
		{8811E545-6FD7-4F4D-A3F4-A57EE5AC9474}.Release|Any CPU.Build.0 = Release|Any CPU
	EndGlobalSection
	GlobalSection(SolutionProperties) = preSolution
		HideSolutionNode = FALSE
	EndGlobalSection
	GlobalSection(ExtensibilityGlobals) = postSolution
		SolutionGuid = {30C2CDD3-1698-4605-BAB5-4EF8688FBB47}
	EndGlobalSection
EndGlobal
