
Microsoft Visual Studio Solution File, Format Version 12.00
# Visual Studio Version 16
VisualStudioVersion = 16.0.29709.97
MinimumVisualStudioVersion = 10.0.40219.1
Project("{FAE04EC0-301F-11D3-BF4B-00C04F79EFBC}") = "2020-04-25", "2020-04-25.csproj", "{CF86E6CF-3CD6-47F9-A8C4-8BF7A7DD44CB}"
EndProject
Global
	GlobalSection(SolutionConfigurationPlatforms) = preSolution
		Debug|Any CPU = Debug|Any CPU
		Release|Any CPU = Release|Any CPU
	EndGlobalSection
	GlobalSection(ProjectConfigurationPlatforms) = postSolution
		{CF86E6CF-3CD6-47F9-A8C4-8BF7A7DD44CB}.Debug|Any CPU.ActiveCfg = Debug|Any CPU
		{CF86E6CF-3CD6-47F9-A8C4-8BF7A7DD44CB}.Debug|Any CPU.Build.0 = Debug|Any CPU
		{CF86E6CF-3CD6-47F9-A8C4-8BF7A7DD44CB}.Release|Any CPU.ActiveCfg = Release|Any CPU
		{CF86E6CF-3CD6-47F9-A8C4-8BF7A7DD44CB}.Release|Any CPU.Build.0 = Release|Any CPU
	EndGlobalSection
	GlobalSection(SolutionProperties) = preSolution
		HideSolutionNode = FALSE
	EndGlobalSection
	GlobalSection(ExtensibilityGlobals) = postSolution
		SolutionGuid = {EA24D2F0-0F14-4C1B-82C9-1353D105C0CA}
	EndGlobalSection
EndGlobal
