
Microsoft Visual Studio Solution File, Format Version 12.00
# Visual Studio Version 16
VisualStudioVersion = 16.0.30204.135
MinimumVisualStudioVersion = 10.0.40219.1
Project("{FAE04EC0-301F-11D3-BF4B-00C04F79EFBC}") = "DailyCodingProblem524", "DailyCodingProblem524.csproj", "{BD34F2F2-C8CD-4AC1-B146-5C0D91D031F0}"
EndProject
Global
	GlobalSection(SolutionConfigurationPlatforms) = preSolution
		Debug|Any CPU = Debug|Any CPU
		Release|Any CPU = Release|Any CPU
	EndGlobalSection
	GlobalSection(ProjectConfigurationPlatforms) = postSolution
		{BD34F2F2-C8CD-4AC1-B146-5C0D91D031F0}.Debug|Any CPU.ActiveCfg = Debug|Any CPU
		{BD34F2F2-C8CD-4AC1-B146-5C0D91D031F0}.Debug|Any CPU.Build.0 = Debug|Any CPU
		{BD34F2F2-C8CD-4AC1-B146-5C0D91D031F0}.Release|Any CPU.ActiveCfg = Release|Any CPU
		{BD34F2F2-C8CD-4AC1-B146-5C0D91D031F0}.Release|Any CPU.Build.0 = Release|Any CPU
	EndGlobalSection
	GlobalSection(SolutionProperties) = preSolution
		HideSolutionNode = FALSE
	EndGlobalSection
	GlobalSection(ExtensibilityGlobals) = postSolution
		SolutionGuid = {90A2849C-F155-4665-9318-6869E8F09F70}
	EndGlobalSection
EndGlobal
